
Microsoft Visual Studio Solution File, Format Version 12.00
# Visual Studio Version 16
VisualStudioVersion = 16.0.30204.135
MinimumVisualStudioVersion = 10.0.40219.1
Project("{FAE04EC0-301F-11D3-BF4B-00C04F79EFBC}") = "QuadraticEquation", "QuadraticEquation\QuadraticEquation.csproj", "{B3AA6E28-F54D-4A0D-80D7-914ABF167A28}"
EndProject
Global
	GlobalSection(SolutionConfigurationPlatforms) = preSolution
		Debug|Any CPU = Debug|Any CPU
		Release|Any CPU = Release|Any CPU
	EndGlobalSection
	GlobalSection(ProjectConfigurationPlatforms) = postSolution
		{B3AA6E28-F54D-4A0D-80D7-914ABF167A28}.Debug|Any CPU.ActiveCfg = Debug|Any CPU
		{B3AA6E28-F54D-4A0D-80D7-914ABF167A28}.Debug|Any CPU.Build.0 = Debug|Any CPU
		{B3AA6E28-F54D-4A0D-80D7-914ABF167A28}.Release|Any CPU.ActiveCfg = Release|Any CPU
		{B3AA6E28-F54D-4A0D-80D7-914ABF167A28}.Release|Any CPU.Build.0 = Release|Any CPU
	EndGlobalSection
	GlobalSection(SolutionProperties) = preSolution
		HideSolutionNode = FALSE
	EndGlobalSection
	GlobalSection(ExtensibilityGlobals) = postSolution
		SolutionGuid = {AAF2E4C5-5137-4DA4-AB57-4BDBB883CF1C}
	EndGlobalSection
EndGlobal
